
Microsoft Visual Studio Solution File, Format Version 12.00
# Visual Studio Version 16
VisualStudioVersion = 16.0.30709.132
MinimumVisualStudioVersion = 10.0.40219.1
Project("{9A19103F-16F7-4668-BE54-9A1E7A4F7556}") = "vk_feed_parser", "vk_feed_parser\vk_feed_parser.csproj", "{916D82A4-DFB9-4012-81BE-5F1323C63FE2}"
EndProject
Global
	GlobalSection(SolutionConfigurationPlatforms) = preSolution
		Debug|x64 = Debug|x64
		Debug|x86 = Debug|x86
		Release|x64 = Release|x64
		Release|x86 = Release|x86
	EndGlobalSection
	GlobalSection(ProjectConfigurationPlatforms) = postSolution
		{916D82A4-DFB9-4012-81BE-5F1323C63FE2}.Debug|x64.ActiveCfg = Debug|x86
		{916D82A4-DFB9-4012-81BE-5F1323C63FE2}.Debug|x64.Build.0 = Debug|x86
		{916D82A4-DFB9-4012-81BE-5F1323C63FE2}.Debug|x86.ActiveCfg = Debug|x86
		{916D82A4-DFB9-4012-81BE-5F1323C63FE2}.Debug|x86.Build.0 = Debug|x86
		{916D82A4-DFB9-4012-81BE-5F1323C63FE2}.Release|x64.ActiveCfg = Release|Any CPU
		{916D82A4-DFB9-4012-81BE-5F1323C63FE2}.Release|x64.Build.0 = Release|Any CPU
		{916D82A4-DFB9-4012-81BE-5F1323C63FE2}.Release|x86.ActiveCfg = Release|Any CPU
		{916D82A4-DFB9-4012-81BE-5F1323C63FE2}.Release|x86.Build.0 = Release|Any CPU
	EndGlobalSection
	GlobalSection(SolutionProperties) = preSolution
		HideSolutionNode = FALSE
	EndGlobalSection
	GlobalSection(ExtensibilityGlobals) = postSolution
		SolutionGuid = {51B283EB-F5BC-4C02-A43D-8C4997C15474}
	EndGlobalSection
EndGlobal
