
Microsoft Visual Studio Solution File, Format Version 12.00
# Visual Studio Version 16
VisualStudioVersion = 16.0.30709.132
MinimumVisualStudioVersion = 10.0.40219.1
Project("{FAE04EC0-301F-11D3-BF4B-00C04F79EFBC}") = "vk_feed_parser", "vk_feed_parser\vk_feed_parser.csproj", "{916D82A4-DFB9-4012-81BE-5F1323C63FE2}"
EndProject
Global
	GlobalSection(SolutionConfigurationPlatforms) = preSolution
		Debug|Any CPU = Debug|Any CPU
		Release|Any CPU = Release|Any CPU
	EndGlobalSection
	GlobalSection(ProjectConfigurationPlatforms) = postSolution
		{916D82A4-DFB9-4012-81BE-5F1323C63FE2}.Debug|Any CPU.ActiveCfg = Debug|Any CPU
		{916D82A4-DFB9-4012-81BE-5F1323C63FE2}.Debug|Any CPU.Build.0 = Debug|Any CPU
		{916D82A4-DFB9-4012-81BE-5F1323C63FE2}.Release|Any CPU.ActiveCfg = Release|Any CPU
		{916D82A4-DFB9-4012-81BE-5F1323C63FE2}.Release|Any CPU.Build.0 = Release|Any CPU
	EndGlobalSection
	GlobalSection(SolutionProperties) = preSolution
		HideSolutionNode = FALSE
	EndGlobalSection
	GlobalSection(ExtensibilityGlobals) = postSolution
		SolutionGuid = {51B283EB-F5BC-4C02-A43D-8C4997C15474}
	EndGlobalSection
EndGlobal
